# This file is generated by running "yarn install" inside your project.
# Manual changes might be lost - proceed with caution!

__metadata:
  version: 8
  cacheKey: 10c0

"@biomejs/biome@npm:^1.9.4":
  version: 1.9.4
  resolution: "@biomejs/biome@npm:1.9.4"
  dependencies:
    "@biomejs/cli-darwin-arm64": "npm:1.9.4"
    "@biomejs/cli-darwin-x64": "npm:1.9.4"
    "@biomejs/cli-linux-arm64": "npm:1.9.4"
    "@biomejs/cli-linux-arm64-musl": "npm:1.9.4"
    "@biomejs/cli-linux-x64": "npm:1.9.4"
    "@biomejs/cli-linux-x64-musl": "npm:1.9.4"
    "@biomejs/cli-win32-arm64": "npm:1.9.4"
    "@biomejs/cli-win32-x64": "npm:1.9.4"
  dependenciesMeta:
    "@biomejs/cli-darwin-arm64":
      optional: true
    "@biomejs/cli-darwin-x64":
      optional: true
    "@biomejs/cli-linux-arm64":
      optional: true
    "@biomejs/cli-linux-arm64-musl":
      optional: true
    "@biomejs/cli-linux-x64":
      optional: true
    "@biomejs/cli-linux-x64-musl":
      optional: true
    "@biomejs/cli-win32-arm64":
      optional: true
    "@biomejs/cli-win32-x64":
      optional: true
  bin:
    biome: bin/biome
  checksum: 10c0/b5655c5aed9a6fffe24f7d04f15ba4444389d0e891c9ed9106fab7388ac9b4be63185852cc2a937b22940dac3e550b71032a4afd306925cfea436c33e5646b3e
  languageName: node
  linkType: hard

"@biomejs/cli-darwin-arm64@npm:1.9.4":
  version: 1.9.4
  resolution: "@biomejs/cli-darwin-arm64@npm:1.9.4"
  conditions: os=darwin & cpu=arm64
  languageName: node
  linkType: hard

"@biomejs/cli-darwin-x64@npm:1.9.4":
  version: 1.9.4
  resolution: "@biomejs/cli-darwin-x64@npm:1.9.4"
  conditions: os=darwin & cpu=x64
  languageName: node
  linkType: hard

"@biomejs/cli-linux-arm64-musl@npm:1.9.4":
  version: 1.9.4
  resolution: "@biomejs/cli-linux-arm64-musl@npm:1.9.4"
  conditions: os=linux & cpu=arm64 & libc=musl
  languageName: node
  linkType: hard

"@biomejs/cli-linux-arm64@npm:1.9.4":
  version: 1.9.4
  resolution: "@biomejs/cli-linux-arm64@npm:1.9.4"
  conditions: os=linux & cpu=arm64 & libc=glibc
  languageName: node
  linkType: hard

"@biomejs/cli-linux-x64-musl@npm:1.9.4":
  version: 1.9.4
  resolution: "@biomejs/cli-linux-x64-musl@npm:1.9.4"
  conditions: os=linux & cpu=x64 & libc=musl
  languageName: node
  linkType: hard

"@biomejs/cli-linux-x64@npm:1.9.4":
  version: 1.9.4
  resolution: "@biomejs/cli-linux-x64@npm:1.9.4"
  conditions: os=linux & cpu=x64 & libc=glibc
  languageName: node
  linkType: hard

"@biomejs/cli-win32-arm64@npm:1.9.4":
  version: 1.9.4
  resolution: "@biomejs/cli-win32-arm64@npm:1.9.4"
  conditions: os=win32 & cpu=arm64
  languageName: node
  linkType: hard

"@biomejs/cli-win32-x64@npm:1.9.4":
  version: 1.9.4
  resolution: "@biomejs/cli-win32-x64@npm:1.9.4"
  conditions: os=win32 & cpu=x64
  languageName: node
  linkType: hard

"@esbuild/aix-ppc64@npm:0.25.0":
  version: 0.25.0
  resolution: "@esbuild/aix-ppc64@npm:0.25.0"
  conditions: os=aix & cpu=ppc64
  languageName: node
  linkType: hard

"@esbuild/android-arm64@npm:0.25.0":
  version: 0.25.0
  resolution: "@esbuild/android-arm64@npm:0.25.0"
  conditions: os=android & cpu=arm64
  languageName: node
  linkType: hard

"@esbuild/android-arm@npm:0.25.0":
  version: 0.25.0
  resolution: "@esbuild/android-arm@npm:0.25.0"
  conditions: os=android & cpu=arm
  languageName: node
  linkType: hard

"@esbuild/android-x64@npm:0.25.0":
  version: 0.25.0
  resolution: "@esbuild/android-x64@npm:0.25.0"
  conditions: os=android & cpu=x64
  languageName: node
  linkType: hard

"@esbuild/darwin-arm64@npm:0.25.0":
  version: 0.25.0
  resolution: "@esbuild/darwin-arm64@npm:0.25.0"
  conditions: os=darwin & cpu=arm64
  languageName: node
  linkType: hard

"@esbuild/darwin-x64@npm:0.25.0":
  version: 0.25.0
  resolution: "@esbuild/darwin-x64@npm:0.25.0"
  conditions: os=darwin & cpu=x64
  languageName: node
  linkType: hard

"@esbuild/freebsd-arm64@npm:0.25.0":
  version: 0.25.0
  resolution: "@esbuild/freebsd-arm64@npm:0.25.0"
  conditions: os=freebsd & cpu=arm64
  languageName: node
  linkType: hard

"@esbuild/freebsd-x64@npm:0.25.0":
  version: 0.25.0
  resolution: "@esbuild/freebsd-x64@npm:0.25.0"
  conditions: os=freebsd & cpu=x64
  languageName: node
  linkType: hard

"@esbuild/linux-arm64@npm:0.25.0":
  version: 0.25.0
  resolution: "@esbuild/linux-arm64@npm:0.25.0"
  conditions: os=linux & cpu=arm64
  languageName: node
  linkType: hard

"@esbuild/linux-arm@npm:0.25.0":
  version: 0.25.0
  resolution: "@esbuild/linux-arm@npm:0.25.0"
  conditions: os=linux & cpu=arm
  languageName: node
  linkType: hard

"@esbuild/linux-ia32@npm:0.25.0":
  version: 0.25.0
  resolution: "@esbuild/linux-ia32@npm:0.25.0"
  conditions: os=linux & cpu=ia32
  languageName: node
  linkType: hard

"@esbuild/linux-loong64@npm:0.25.0":
  version: 0.25.0
  resolution: "@esbuild/linux-loong64@npm:0.25.0"
  conditions: os=linux & cpu=loong64
  languageName: node
  linkType: hard

"@esbuild/linux-mips64el@npm:0.25.0":
  version: 0.25.0
  resolution: "@esbuild/linux-mips64el@npm:0.25.0"
  conditions: os=linux & cpu=mips64el
  languageName: node
  linkType: hard

"@esbuild/linux-ppc64@npm:0.25.0":
  version: 0.25.0
  resolution: "@esbuild/linux-ppc64@npm:0.25.0"
  conditions: os=linux & cpu=ppc64
  languageName: node
  linkType: hard

"@esbuild/linux-riscv64@npm:0.25.0":
  version: 0.25.0
  resolution: "@esbuild/linux-riscv64@npm:0.25.0"
  conditions: os=linux & cpu=riscv64
  languageName: node
  linkType: hard

"@esbuild/linux-s390x@npm:0.25.0":
  version: 0.25.0
  resolution: "@esbuild/linux-s390x@npm:0.25.0"
  conditions: os=linux & cpu=s390x
  languageName: node
  linkType: hard

"@esbuild/linux-x64@npm:0.25.0":
  version: 0.25.0
  resolution: "@esbuild/linux-x64@npm:0.25.0"
  conditions: os=linux & cpu=x64
  languageName: node
  linkType: hard

"@esbuild/netbsd-arm64@npm:0.25.0":
  version: 0.25.0
  resolution: "@esbuild/netbsd-arm64@npm:0.25.0"
  conditions: os=netbsd & cpu=arm64
  languageName: node
  linkType: hard

"@esbuild/netbsd-x64@npm:0.25.0":
  version: 0.25.0
  resolution: "@esbuild/netbsd-x64@npm:0.25.0"
  conditions: os=netbsd & cpu=x64
  languageName: node
  linkType: hard

"@esbuild/openbsd-arm64@npm:0.25.0":
  version: 0.25.0
  resolution: "@esbuild/openbsd-arm64@npm:0.25.0"
  conditions: os=openbsd & cpu=arm64
  languageName: node
  linkType: hard

"@esbuild/openbsd-x64@npm:0.25.0":
  version: 0.25.0
  resolution: "@esbuild/openbsd-x64@npm:0.25.0"
  conditions: os=openbsd & cpu=x64
  languageName: node
  linkType: hard

"@esbuild/sunos-x64@npm:0.25.0":
  version: 0.25.0
  resolution: "@esbuild/sunos-x64@npm:0.25.0"
  conditions: os=sunos & cpu=x64
  languageName: node
  linkType: hard

"@esbuild/win32-arm64@npm:0.25.0":
  version: 0.25.0
  resolution: "@esbuild/win32-arm64@npm:0.25.0"
  conditions: os=win32 & cpu=arm64
  languageName: node
  linkType: hard

"@esbuild/win32-ia32@npm:0.25.0":
  version: 0.25.0
  resolution: "@esbuild/win32-ia32@npm:0.25.0"
  conditions: os=win32 & cpu=ia32
  languageName: node
  linkType: hard

"@esbuild/win32-x64@npm:0.25.0":
  version: 0.25.0
  resolution: "@esbuild/win32-x64@npm:0.25.0"
  conditions: os=win32 & cpu=x64
  languageName: node
  linkType: hard

"@yarnpkg/esbuild-plugin-pnp@npm:^3.0.0-rc.15":
  version: 3.0.0-rc.15
  resolution: "@yarnpkg/esbuild-plugin-pnp@npm:3.0.0-rc.15"
  dependencies:
    tslib: "npm:^2.4.0"
  peerDependencies:
    esbuild: ">=0.10.0"
  checksum: 10c0/5095bc316862971add31ca1fadb0095b6ad15f25120f6ab3a06086bb6a7be93c2f3c45bff80d5976689fc89b0e9bf82bd3d410e205c852739874d32d050c4e57
  languageName: node
  linkType: hard

"esbuild@npm:^0.25.0":
  version: 0.25.0
  resolution: "esbuild@npm:0.25.0"
  dependencies:
    "@esbuild/aix-ppc64": "npm:0.25.0"
    "@esbuild/android-arm": "npm:0.25.0"
    "@esbuild/android-arm64": "npm:0.25.0"
    "@esbuild/android-x64": "npm:0.25.0"
    "@esbuild/darwin-arm64": "npm:0.25.0"
    "@esbuild/darwin-x64": "npm:0.25.0"
    "@esbuild/freebsd-arm64": "npm:0.25.0"
    "@esbuild/freebsd-x64": "npm:0.25.0"
    "@esbuild/linux-arm": "npm:0.25.0"
    "@esbuild/linux-arm64": "npm:0.25.0"
    "@esbuild/linux-ia32": "npm:0.25.0"
    "@esbuild/linux-loong64": "npm:0.25.0"
    "@esbuild/linux-mips64el": "npm:0.25.0"
    "@esbuild/linux-ppc64": "npm:0.25.0"
    "@esbuild/linux-riscv64": "npm:0.25.0"
    "@esbuild/linux-s390x": "npm:0.25.0"
    "@esbuild/linux-x64": "npm:0.25.0"
    "@esbuild/netbsd-arm64": "npm:0.25.0"
    "@esbuild/netbsd-x64": "npm:0.25.0"
    "@esbuild/openbsd-arm64": "npm:0.25.0"
    "@esbuild/openbsd-x64": "npm:0.25.0"
    "@esbuild/sunos-x64": "npm:0.25.0"
    "@esbuild/win32-arm64": "npm:0.25.0"
    "@esbuild/win32-ia32": "npm:0.25.0"
    "@esbuild/win32-x64": "npm:0.25.0"
  dependenciesMeta:
    "@esbuild/aix-ppc64":
      optional: true
    "@esbuild/android-arm":
      optional: true
    "@esbuild/android-arm64":
      optional: true
    "@esbuild/android-x64":
      optional: true
    "@esbuild/darwin-arm64":
      optional: true
    "@esbuild/darwin-x64":
      optional: true
    "@esbuild/freebsd-arm64":
      optional: true
    "@esbuild/freebsd-x64":
      optional: true
    "@esbuild/linux-arm":
      optional: true
    "@esbuild/linux-arm64":
      optional: true
    "@esbuild/linux-ia32":
      optional: true
    "@esbuild/linux-loong64":
      optional: true
    "@esbuild/linux-mips64el":
      optional: true
    "@esbuild/linux-ppc64":
      optional: true
    "@esbuild/linux-riscv64":
      optional: true
    "@esbuild/linux-s390x":
      optional: true
    "@esbuild/linux-x64":
      optional: true
    "@esbuild/netbsd-arm64":
      optional: true
    "@esbuild/netbsd-x64":
      optional: true
    "@esbuild/openbsd-arm64":
      optional: true
    "@esbuild/openbsd-x64":
      optional: true
    "@esbuild/sunos-x64":
      optional: true
    "@esbuild/win32-arm64":
      optional: true
    "@esbuild/win32-ia32":
      optional: true
    "@esbuild/win32-x64":
      optional: true
  bin:
    esbuild: bin/esbuild
  checksum: 10c0/5767b72da46da3cfec51661647ec850ddbf8a8d0662771139f10ef0692a8831396a0004b2be7966cecdb08264fb16bdc16290dcecd92396fac5f12d722fa013d
  languageName: node
  linkType: hard

"extensionless@npm:^1.9.9":
  version: 1.9.9
  resolution: "extensionless@npm:1.9.9"
  checksum: 10c0/ed5f6bc76496f0a49a95a5e3d00e613a500f96bc47e06b802b8f4c77ef42aa74f7c038ec92896886886e5cd75c69214d7dbcae6dda957abaec23d9d729f27b24
  languageName: node
  linkType: hard

"fastify-demo@workspace:app":
  version: 0.0.0-use.local
  resolution: "fastify-demo@workspace:app"
  dependencies:
    "@yarnpkg/esbuild-plugin-pnp": "npm:^3.0.0-rc.15"
    esbuild: "npm:^0.25.0"
    extensionless: "npm:^1.9.9"
    typescript: "npm:^5.7.3"
  languageName: unknown
  linkType: soft

"fastify-server@workspace:.":
  version: 0.0.0-use.local
  resolution: "fastify-server@workspace:."
  dependencies:
    "@biomejs/biome": "npm:^1.9.4"
  languageName: unknown
  linkType: soft

"tslib@npm:^2.4.0":
  version: 2.8.1
  resolution: "tslib@npm:2.8.1"
  checksum: 10c0/9c4759110a19c53f992d9aae23aac5ced636e99887b51b9e61def52611732872ff7668757d4e4c61f19691e36f4da981cd9485e869b4a7408d689f6bf1f14e62
  languageName: node
  linkType: hard

"typescript@npm:^5.7.3":
  version: 5.7.3
  resolution: "typescript@npm:5.7.3"
  bin:
    tsc: bin/tsc
    tsserver: bin/tsserver
  checksum: 10c0/b7580d716cf1824736cc6e628ab4cd8b51877408ba2be0869d2866da35ef8366dd6ae9eb9d0851470a39be17cbd61df1126f9e211d8799d764ea7431d5435afa
  languageName: node
  linkType: hard

"typescript@patch:typescript@npm%3A^5.7.3#optional!builtin<compat/typescript>":
  version: 5.7.3
  resolution: "typescript@patch:typescript@npm%3A5.7.3#optional!builtin<compat/typescript>::version=5.7.3&hash=5786d5"
  bin:
    tsc: bin/tsc
    tsserver: bin/tsserver
  checksum: 10c0/6fd7e0ed3bf23a81246878c613423730c40e8bdbfec4c6e4d7bf1b847cbb39076e56ad5f50aa9d7ebd89877999abaee216002d3f2818885e41c907caaa192cc4
  languageName: node
  linkType: hard
